PODS:
  - AVOSCloud (7.2.0)
  - LeanCloudFeedback (0.1.1):
    - AVOSCloud

DEPENDENCIES:
  - AVOSCloud
  - LeanCloudFeedback

SPEC CHECKSUMS:
  AVOSCloud: 9f09a2a734fe980685866feded7f6129141e9336
  LeanCloudFeedback: 686305ea196931c7eae49800c384e42d78408482

PODFILE CHECKSUM: 11c5b2fe3e167a519950a0a6a16759c497c8d905

COCOAPODS: 1.2.1
